
Microsoft Visual Studio Solution File, Format Version 12.00
# Visual Studio Version 16
VisualStudioVersion = 16.0.32126.315
MinimumVisualStudioVersion = 10.0.40219.1
Project("{FAE04EC0-301F-11D3-BF4B-00C04F79EFBC}") = "WorkOrderApp.Server", "WorkOrderApp\Server\WorkOrderApp.Server.csproj", "{511641F0-E069-4D69-870A-1F6BA0F1B030}"
EndProject
Project("{FAE04EC0-301F-11D3-BF4B-00C04F79EFBC}") = "WorkOrderApp.Client", "WorkOrderApp\Client\WorkOrderApp.Client.csproj", "{025257C2-8871-4F3D-B66B-E486192252FA}"
EndProject
Project("{FAE04EC0-301F-11D3-BF4B-00C04F79EFBC}") = "WorkOrderApp.Shared", "WorkOrderApp\Shared\WorkOrderApp.Shared.csproj", "{7FACE843-6DB0-4D86-9E9C-4631121E2794}"
EndProject
Global
	GlobalSection(SolutionConfigurationPlatforms) = preSolution
		Debug|Any CPU = Debug|Any CPU
		Release|Any CPU = Release|Any CPU
	EndGlobalSection
	GlobalSection(ProjectConfigurationPlatforms) = postSolution
		{511641F0-E069-4D69-870A-1F6BA0F1B030}.Debug|Any CPU.ActiveCfg = Debug|Any CPU
		{511641F0-E069-4D69-870A-1F6BA0F1B030}.Debug|Any CPU.Build.0 = Debug|Any CPU
		{511641F0-E069-4D69-870A-1F6BA0F1B030}.Release|Any CPU.ActiveCfg = Release|Any CPU
		{511641F0-E069-4D69-870A-1F6BA0F1B030}.Release|Any CPU.Build.0 = Release|Any CPU
		{025257C2-8871-4F3D-B66B-E486192252FA}.Debug|Any CPU.ActiveCfg = Debug|Any CPU
		{025257C2-8871-4F3D-B66B-E486192252FA}.Debug|Any CPU.Build.0 = Debug|Any CPU
		{025257C2-8871-4F3D-B66B-E486192252FA}.Release|Any CPU.ActiveCfg = Release|Any CPU
		{025257C2-8871-4F3D-B66B-E486192252FA}.Release|Any CPU.Build.0 = Release|Any CPU
		{7FACE843-6DB0-4D86-9E9C-4631121E2794}.Debug|Any CPU.ActiveCfg = Debug|Any CPU
		{7FACE843-6DB0-4D86-9E9C-4631121E2794}.Debug|Any CPU.Build.0 = Debug|Any CPU
		{7FACE843-6DB0-4D86-9E9C-4631121E2794}.Release|Any CPU.ActiveCfg = Release|Any CPU
		{7FACE843-6DB0-4D86-9E9C-4631121E2794}.Release|Any CPU.Build.0 = Release|Any CPU
	EndGlobalSection
	GlobalSection(SolutionProperties) = preSolution
		HideSolutionNode = FALSE
	EndGlobalSection
	GlobalSection(ExtensibilityGlobals) = postSolution
		SolutionGuid = {F715A8CC-C5EC-4DD2-A447-EDA3FE1C66B9}
	EndGlobalSection
EndGlobal
